{
  "lockfileVersion": 1,
  "configVersion": 1,
  "workspaces": {
    "": {
      "name": "attention-js",
      "dependencies": {
        "@nodable/compact-builder": "^1.0.9",
        "@nodable/flexible-xml-parser": "^1.2.2",
      },
    },
  },
  "packages": {
    "@nodable/base-output-builder": ["@nodable/base-output-builder@1.0.6", "", { "dependencies": { "@nodable/entities": "^2.1.1", "strnum": "^2.2.2" } }, "sha512-gDPvbt6GVhqA4lPZayqXYvO/510kVWGBXdvZF6jUtVcssziw6o27pwq6oI9CUwMk0Oq8BcucxYYxXM5wnHUB7A=="],

    "@nodable/compact-builder": ["@nodable/compact-builder@1.0.9", "", { "dependencies": { "@nodable/base-output-builder": "^1.0.6", "path-expression-matcher": "^1.5.0" } }, "sha512-90tD+khseKL+Wxf1gMiL3JsZrdevKI0g5oHbb8zqJzLsxMpwoSZu/EZDHl9I8+gmDSz7hzK1hcopC+4GnMZiKg=="],

    "@nodable/entities": ["@nodable/entities@2.1.1", "", {}, "sha512-Pig3HxDIoMgjdEH8OCf/dkcTmLFjJRjWuq8jSnklu284/TKOPibSRERmOykiwmyXTtv61mP+44f3GMx0tLAyjg=="],

    "@nodable/flexible-xml-parser": ["@nodable/flexible-xml-parser@1.2.2", "", { "dependencies": { "@nodable/base-output-builder": "^1.0.6", "@nodable/compact-builder": "^1.0.9", "path-expression-matcher": "^1.5.0", "xml-naming": "^0.1.0" } }, "sha512-7nYGnBCN7dnF2cL1tCnA2w2HBYhHsUzCEpnJ5r4ZzKCQjB4QQcesrmgB7jibJApDe5J53fC372TVIROiAXp/tQ=="],

    "path-expression-matcher": ["path-expression-matcher@1.5.0", "", {}, "sha512-cbrerZV+6rvdQrrD+iGMcZFEiiSrbv9Tfdkvnusy6y0x0GKBXREFg/Y65GhIfm0tnLntThhzCnfKwp1WRjeCyQ=="],

    "strnum": ["strnum@2.3.0", "", {}, "sha512-ums3KNd42PGyx5xaoVTO1mjU1bH3NpY4vsrVlnv9PNGqQj8wd7rJ6nEypLrJ7z5vxK5RP0yMLo6J/Gsm62DI5Q=="],

    "xml-naming": ["xml-naming@0.1.0", "", {}, "sha512-k8KO9hrMyNk6tUWqUfkTEZbezRRpONVOzUTnc97VnCvyj6Tf9lyUR9EDAIeiVLv56jsMcoXEwjW8Kv5yPY52lw=="],
  }
}
